
Microsoft Visual Studio Solution File, Format Version 12.00
# Visual Studio Version 17
VisualStudioVersion = 17.4.33122.133
MinimumVisualStudioVersion = 10.0.40219.1
Project("{9A19103F-16F7-4668-BE54-9A1E7A4F7556}") = "ApiGateway", "ApiGateway.csproj", "{F7D1FC87-6401-44D6-A2B0-B577276B6B84}"
EndProject
Global
	GlobalSection(SolutionConfigurationPlatforms) = preSolution
		Debug|Any CPU = Debug|Any CPU
		Release|Any CPU = Release|Any CPU
	EndGlobalSection
	GlobalSection(ProjectConfigurationPlatforms) = postSolution
		{F7D1FC87-6401-44D6-A2B0-B577276B6B84}.Debug|Any CPU.ActiveCfg = Debug|Any CPU
		{F7D1FC87-6401-44D6-A2B0-B577276B6B84}.Debug|Any CPU.Build.0 = Debug|Any CPU
		{F7D1FC87-6401-44D6-A2B0-B577276B6B84}.Release|Any CPU.ActiveCfg = Release|Any CPU
		{F7D1FC87-6401-44D6-A2B0-B577276B6B84}.Release|Any CPU.Build.0 = Release|Any CPU
	EndGlobalSection
	GlobalSection(SolutionProperties) = preSolution
		HideSolutionNode = FALSE
	EndGlobalSection
	GlobalSection(ExtensibilityGlobals) = postSolution
		SolutionGuid = {C86B569E-146E-4A55-ABC4-2FE1887BE012}
	EndGlobalSection
EndGlobal
